
Microsoft Visual Studio Solution File, Format Version 12.00
# Visual Studio 15
Project("{FAE04EC0-301F-11D3-BF4B-00C04F79EFBC}") = "Assembly-CSharp", "Assembly-CSharp.csproj", "{15629AFF-C8B1-C584-CEF0-A717F939A059}"
EndProject
Project("{FAE04EC0-301F-11D3-BF4B-00C04F79EFBC}") = "Unity.2D.Tilemap.Extras", "Unity.2D.Tilemap.Extras.csproj", "{D31C769C-D8B2-510B-2E17-79DB8E564D0C}"
EndProject
Project("{FAE04EC0-301F-11D3-BF4B-00C04F79EFBC}") = "Unity.2D.Tilemap.Extras.Editor", "Unity.2D.Tilemap.Extras.Editor.csproj", "{71CD36BB-B6D3-641D-2E17-397820A02D9C}"
EndProject
Global
	GlobalSection(SolutionConfigurationPlatforms) = preSolution
		Debug|Any CPU = Debug|Any CPU
		Release|Any CPU = Release|Any CPU
	EndGlobalSection
	GlobalSection(ProjectConfigurationPlatforms) = postSolution
		{15629AFF-C8B1-C584-CEF0-A717F939A059}.Debug|Any CPU.ActiveCfg = Debug|Any CPU
		{15629AFF-C8B1-C584-CEF0-A717F939A059}.Debug|Any CPU.Build.0 = Debug|Any CPU
		{15629AFF-C8B1-C584-CEF0-A717F939A059}.Release|Any CPU.ActiveCfg = Release|Any CPU
		{15629AFF-C8B1-C584-CEF0-A717F939A059}.Release|Any CPU.Build.0 = Release|Any CPU
		{D31C769C-D8B2-510B-2E17-79DB8E564D0C}.Debug|Any CPU.ActiveCfg = Debug|Any CPU
		{D31C769C-D8B2-510B-2E17-79DB8E564D0C}.Debug|Any CPU.Build.0 = Debug|Any CPU
		{D31C769C-D8B2-510B-2E17-79DB8E564D0C}.Release|Any CPU.ActiveCfg = Release|Any CPU
		{D31C769C-D8B2-510B-2E17-79DB8E564D0C}.Release|Any CPU.Build.0 = Release|Any CPU
		{71CD36BB-B6D3-641D-2E17-397820A02D9C}.Debug|Any CPU.ActiveCfg = Debug|Any CPU
		{71CD36BB-B6D3-641D-2E17-397820A02D9C}.Debug|Any CPU.Build.0 = Debug|Any CPU
		{71CD36BB-B6D3-641D-2E17-397820A02D9C}.Release|Any CPU.ActiveCfg = Release|Any CPU
		{71CD36BB-B6D3-641D-2E17-397820A02D9C}.Release|Any CPU.Build.0 = Release|Any CPU
	EndGlobalSection
	GlobalSection(SolutionProperties) = preSolution
		HideSolutionNode = FALSE
	EndGlobalSection
EndGlobal
